
Microsoft Visual Studio Solution File, Format Version 12.00
# Visual Studio Version 17
VisualStudioVersion = 17.0.31903.59
MinimumVisualStudioVersion = 10.0.40219.1
Project("{FAE04EC0-301F-11D3-BF4B-00C04F79EFBC}") = "BedTrack.API", "BedTrack.API\BedTrack.API.csproj", "{130EDC84-3A22-4B3F-9E68-54EA2E5C273F}"
EndProject
Project("{FAE04EC0-301F-11D3-BF4B-00C04F79EFBC}") = "BedTrack.Domain", "BedTrack.Domain\BedTrack.Domain.csproj", "{2B07B995-1454-48BE-86EC-D25D195F127B}"
EndProject
Project("{FAE04EC0-301F-11D3-BF4B-00C04F79EFBC}") = "BedTrack.Application", "BedTrack.Application\BedTrack.Application.csproj", "{327C18E7-3788-4343-9070-50786572A24A}"
EndProject
Project("{FAE04EC0-301F-11D3-BF4B-00C04F79EFBC}") = "BedTrack.Infrastructure", "BedTrack.Infrastructure\BedTrack.Infrastructure.csproj", "{70C3A6D8-7BA3-42E0-AA84-4C29906FB0B2}"
EndProject
Global
	GlobalSection(SolutionConfigurationPlatforms) = preSolution
		Debug|Any CPU = Debug|Any CPU
		Release|Any CPU = Release|Any CPU
	EndGlobalSection
	GlobalSection(SolutionProperties) = preSolution
		HideSolutionNode = FALSE
	EndGlobalSection
	GlobalSection(ProjectConfigurationPlatforms) = postSolution
		{130EDC84-3A22-4B3F-9E68-54EA2E5C273F}.Debug|Any CPU.ActiveCfg = Debug|Any CPU
		{130EDC84-3A22-4B3F-9E68-54EA2E5C273F}.Debug|Any CPU.Build.0 = Debug|Any CPU
		{130EDC84-3A22-4B3F-9E68-54EA2E5C273F}.Release|Any CPU.ActiveCfg = Release|Any CPU
		{130EDC84-3A22-4B3F-9E68-54EA2E5C273F}.Release|Any CPU.Build.0 = Release|Any CPU
		{2B07B995-1454-48BE-86EC-D25D195F127B}.Debug|Any CPU.ActiveCfg = Debug|Any CPU
		{2B07B995-1454-48BE-86EC-D25D195F127B}.Debug|Any CPU.Build.0 = Debug|Any CPU
		{2B07B995-1454-48BE-86EC-D25D195F127B}.Release|Any CPU.ActiveCfg = Release|Any CPU
		{2B07B995-1454-48BE-86EC-D25D195F127B}.Release|Any CPU.Build.0 = Release|Any CPU
		{327C18E7-3788-4343-9070-50786572A24A}.Debug|Any CPU.ActiveCfg = Debug|Any CPU
		{327C18E7-3788-4343-9070-50786572A24A}.Debug|Any CPU.Build.0 = Debug|Any CPU
		{327C18E7-3788-4343-9070-50786572A24A}.Release|Any CPU.ActiveCfg = Release|Any CPU
		{327C18E7-3788-4343-9070-50786572A24A}.Release|Any CPU.Build.0 = Release|Any CPU
		{70C3A6D8-7BA3-42E0-AA84-4C29906FB0B2}.Debug|Any CPU.ActiveCfg = Debug|Any CPU
		{70C3A6D8-7BA3-42E0-AA84-4C29906FB0B2}.Debug|Any CPU.Build.0 = Debug|Any CPU
		{70C3A6D8-7BA3-42E0-AA84-4C29906FB0B2}.Release|Any CPU.ActiveCfg = Release|Any CPU
		{70C3A6D8-7BA3-42E0-AA84-4C29906FB0B2}.Release|Any CPU.Build.0 = Release|Any CPU
	EndGlobalSection
EndGlobal
